{
    "_readme": [
        "This file locks the dependencies of your project to a known state",
        "Read more about it at https://getcomposer.org/doc/01-basic-usage.md#installing-dependencies",
        "This file is @generated automatically"
    ],
    "content-hash": "dffd9f2d87b9cf2d85fa11299f0eaa53",
    "packages": [
        {
            "name": "causal/doodle_client",
            "version": "0.5.0",
            "source": {
                "type": "git",
                "url": "https://github.com/xperseguers/doodle_client.git",
                "reference": "5ad422023d3d599631e908c852ef04fb7afa7087"
            },
            "dist": {
                "type": "zip",
                "url": "https://api.github.com/repos/xperseguers/doodle_client/zipball/5ad422023d3d599631e908c852ef04fb7afa7087",
                "reference": "5ad422023d3d599631e908c852ef04fb7afa7087",
                "shasum": ""
            },
            "require": {
                "php": "^7.0"
            },
            "require-dev": {
                "phpunit/phpunit": "~4.0"
            },
            "type": "library",
            "extra": {
                "branch-alias": {
                    "dev-master": "0.5.x-dev"
                }
            },
            "autoload": {
                "psr-4": {
                    "Causal\\DoodleClient\\": "src/"
                }
            },
            "notification-url": "https://packagist.org/downloads/",
            "license": [
                "GPL-3.0+"
            ],
            "authors": [
                {
                    "name": "Xavier Perseguers",
                    "email": "xavier@causal.ch",
                    "homepage": "https://github.com/xperseguers/"
                }
            ],
            "description": "A small, lightweight library to interact with Doodle (http://doodle.com)",
            "homepage": "https://github.com/xperseguers/doodle_client",
            "keywords": [
                "doodle"
            ],
            "time": "2017-11-30T10:37:38+00:00"
        }
    ],
    "packages-dev": [],
    "aliases": [],
    "minimum-stability": "stable",
    "stability-flags": [],
    "prefer-stable": false,
    "prefer-lowest": false,
    "platform": {
        "php": "^7.0"
    },
    "platform-dev": []
}
