{
    "_readme": [
        "This file locks the dependencies of your project to a known state",
        "Read more about it at https://getcomposer.org/doc/01-basic-usage.md#composer-lock-the-lock-file",
        "This file is @generated automatically"
    ],
    "hash": "a256a8f788c2ad7f4c623ba9182aae21",
    "content-hash": "ea700f38abe724d1cbaeeb469b1cbe82",
    "packages": [
        {
            "name": "causal/doodle_client",
            "version": "0.1.2",
            "source": {
                "type": "git",
                "url": "https://github.com/xperseguers/doodle_client.git",
                "reference": "94bbb937f6f9f2f4664faa0d489ced06eb6270c2"
            },
            "dist": {
                "type": "zip",
                "url": "https://api.github.com/repos/xperseguers/doodle_client/zipball/94bbb937f6f9f2f4664faa0d489ced06eb6270c2",
                "reference": "94bbb937f6f9f2f4664faa0d489ced06eb6270c2",
                "shasum": ""
            },
            "require": {
                "php": ">=5.3,<8.0-DEV"
            },
            "require-dev": {
                "phpunit/phpunit": "~4.0"
            },
            "type": "library",
            "extra": {
                "branch-alias": {
                    "dev-master": "0.1.x-dev"
                }
            },
            "autoload": {
                "psr-4": {
                    "Causal\\DoodleClient\\": "src/"
                }
            },
            "notification-url": "https://packagist.org/downloads/",
            "license": [
                "GPL-3.0+"
            ],
            "authors": [
                {
                    "name": "Xavier Perseguers",
                    "email": "xavier@causal.ch",
                    "homepage": "https://github.com/xperseguers/"
                }
            ],
            "description": "A small, lightweight library to interact with Doodle (http://doodle.com)",
            "homepage": "https://github.com/xperseguers/doodle_client",
            "keywords": [
                "doodle"
            ],
            "time": "2015-10-01 14:01:21"
        }
    ],
    "packages-dev": [],
    "aliases": [],
    "minimum-stability": "stable",
    "stability-flags": [],
    "prefer-stable": false,
    "prefer-lowest": false,
    "platform": {
        "php": ">= 5.3.3, <= 5.6.99"
    },
    "platform-dev": []
}
