{
    "_readme": [
        "This file locks the dependencies of your project to a known state",
        "Read more about it at https://getcomposer.org/doc/01-basic-usage.md#composer-lock-the-lock-file",
        "This file is @generated automatically"
    ],
    "hash": "c543e370435d605fc516a949a7720d86",
    "content-hash": "09edd3185f249574ceb1086da6218970",
    "packages": [
        {
            "name": "causal/doodle_client",
            "version": "0.2.1",
            "source": {
                "type": "git",
                "url": "https://github.com/xperseguers/doodle_client.git",
                "reference": "beef78b6f8c2eef61fae254987af9817cd82c057"
            },
            "dist": {
                "type": "zip",
                "url": "https://api.github.com/repos/xperseguers/doodle_client/zipball/beef78b6f8c2eef61fae254987af9817cd82c057",
                "reference": "beef78b6f8c2eef61fae254987af9817cd82c057",
                "shasum": ""
            },
            "require": {
                "php": ">=5.3,<8.0-DEV"
            },
            "require-dev": {
                "phpunit/phpunit": "~4.0"
            },
            "type": "library",
            "extra": {
                "branch-alias": {
                    "dev-master": "0.1.x-dev"
                }
            },
            "autoload": {
                "psr-4": {
                    "Causal\\DoodleClient\\": "src/"
                }
            },
            "notification-url": "https://packagist.org/downloads/",
            "license": [
                "GPL-3.0+"
            ],
            "authors": [
                {
                    "name": "Xavier Perseguers",
                    "email": "xavier@causal.ch",
                    "homepage": "https://github.com/xperseguers/"
                }
            ],
            "description": "A small, lightweight library to interact with Doodle (http://doodle.com)",
            "homepage": "https://github.com/xperseguers/doodle_client",
            "keywords": [
                "doodle"
            ],
            "time": "2015-10-02 10:43:53"
        }
    ],
    "packages-dev": [],
    "aliases": [],
    "minimum-stability": "stable",
    "stability-flags": [],
    "prefer-stable": false,
    "prefer-lowest": false,
    "platform": {
        "php": ">= 5.3.3, <= 5.6.99"
    },
    "platform-dev": []
}
