{
    "_readme": [
        "This file locks the dependencies of your project to a known state",
        "Read more about it at https://getcomposer.org/doc/01-basic-usage.md#composer-lock-the-lock-file",
        "This file is @generated automatically"
    ],
    "hash": "7445f6f4b34268d4b07a266bc333b611",
    "content-hash": "5182d9edacc3580cd7b76e315b1f87fc",
    "packages": [
        {
            "name": "causal/doodle_client",
            "version": "0.3.0",
            "source": {
                "type": "git",
                "url": "https://github.com/xperseguers/doodle_client.git",
                "reference": "efb6680f930d303861fe520b8ae87ecdb58f611d"
            },
            "dist": {
                "type": "zip",
                "url": "https://api.github.com/repos/xperseguers/doodle_client/zipball/efb6680f930d303861fe520b8ae87ecdb58f611d",
                "reference": "efb6680f930d303861fe520b8ae87ecdb58f611d",
                "shasum": ""
            },
            "require": {
                "php": ">=5.3,<8.0-DEV"
            },
            "require-dev": {
                "phpunit/phpunit": "~4.0"
            },
            "type": "library",
            "extra": {
                "branch-alias": {
                    "dev-master": "0.3.x-dev"
                }
            },
            "autoload": {
                "psr-4": {
                    "Causal\\DoodleClient\\": "src/"
                }
            },
            "notification-url": "https://packagist.org/downloads/",
            "license": [
                "GPL-3.0+"
            ],
            "authors": [
                {
                    "name": "Xavier Perseguers",
                    "email": "xavier@causal.ch",
                    "homepage": "https://github.com/xperseguers/"
                }
            ],
            "description": "A small, lightweight library to interact with Doodle (http://doodle.com)",
            "homepage": "https://github.com/xperseguers/doodle_client",
            "keywords": [
                "doodle"
            ],
            "time": "2016-02-01 12:32:58"
        }
    ],
    "packages-dev": [],
    "aliases": [],
    "minimum-stability": "stable",
    "stability-flags": [],
    "prefer-stable": false,
    "prefer-lowest": false,
    "platform": {
        "php": ">= 5.3.3, <= 7.0.99"
    },
    "platform-dev": []
}
